
Microsoft Visual Studio Solution File, Format Version 12.00
# Visual Studio 15
VisualStudioVersion = 15.0.28307.1062
MinimumVisualStudioVersion = 10.0.40219.1
Project("{FAE04EC0-301F-11D3-BF4B-00C04F79EFBC}") = "ShopCar", "ShopCar\ShopCar.csproj", "{EE3F7F0A-34EC-482E-B85F-4855A80F68F8}"
EndProject
Global
	GlobalSection(SolutionConfigurationPlatforms) = preSolution
		Debug|Any CPU = Debug|Any CPU
		Release|Any CPU = Release|Any CPU
	EndGlobalSection
	GlobalSection(ProjectConfigurationPlatforms) = postSolution
		{EE3F7F0A-34EC-482E-B85F-4855A80F68F8}.Debug|Any CPU.ActiveCfg = Debug|Any CPU
		{EE3F7F0A-34EC-482E-B85F-4855A80F68F8}.Debug|Any CPU.Build.0 = Debug|Any CPU
		{EE3F7F0A-34EC-482E-B85F-4855A80F68F8}.Release|Any CPU.ActiveCfg = Release|Any CPU
		{EE3F7F0A-34EC-482E-B85F-4855A80F68F8}.Release|Any CPU.Build.0 = Release|Any CPU
	EndGlobalSection
	GlobalSection(SolutionProperties) = preSolution
		HideSolutionNode = FALSE
	EndGlobalSection
	GlobalSection(ExtensibilityGlobals) = postSolution
		SolutionGuid = {4F618789-C8ED-4002-8CE8-1B6407E19693}
	EndGlobalSection
EndGlobal
